
Microsoft Visual Studio Solution File, Format Version 12.00
# Visual Studio Version 16
VisualStudioVersion = 16.0.29709.97
MinimumVisualStudioVersion = 10.0.40219.1
Project("{FAE04EC0-301F-11D3-BF4B-00C04F79EFBC}") = "CoreTest.MyLib", "CoreTest.MyLib\CoreTest.MyLib.csproj", "{F780FB4D-0CF7-4943-B88B-D15632B5C36A}"
EndProject
Project("{FAE04EC0-301F-11D3-BF4B-00C04F79EFBC}") = "CoreTest.MyWPFGUI", "CoreTest.MyWPFGUI\CoreTest.MyWPFGUI.csproj", "{F09C91A1-2483-4F96-9C87-81ADADF06B13}"
EndProject
Global
	GlobalSection(SolutionConfigurationPlatforms) = preSolution
		Debug|Any CPU = Debug|Any CPU
		Release|Any CPU = Release|Any CPU
	EndGlobalSection
	GlobalSection(ProjectConfigurationPlatforms) = postSolution
		{F780FB4D-0CF7-4943-B88B-D15632B5C36A}.Debug|Any CPU.ActiveCfg = Debug|Any CPU
		{F780FB4D-0CF7-4943-B88B-D15632B5C36A}.Debug|Any CPU.Build.0 = Debug|Any CPU
		{F780FB4D-0CF7-4943-B88B-D15632B5C36A}.Release|Any CPU.ActiveCfg = Release|Any CPU
		{F780FB4D-0CF7-4943-B88B-D15632B5C36A}.Release|Any CPU.Build.0 = Release|Any CPU
		{F09C91A1-2483-4F96-9C87-81ADADF06B13}.Debug|Any CPU.ActiveCfg = Debug|Any CPU
		{F09C91A1-2483-4F96-9C87-81ADADF06B13}.Debug|Any CPU.Build.0 = Debug|Any CPU
		{F09C91A1-2483-4F96-9C87-81ADADF06B13}.Release|Any CPU.ActiveCfg = Release|Any CPU
		{F09C91A1-2483-4F96-9C87-81ADADF06B13}.Release|Any CPU.Build.0 = Release|Any CPU
	EndGlobalSection
	GlobalSection(SolutionProperties) = preSolution
		HideSolutionNode = FALSE
	EndGlobalSection
	GlobalSection(ExtensibilityGlobals) = postSolution
		SolutionGuid = {530F57A3-32BF-40CD-93AD-CB202A2755E7}
	EndGlobalSection
EndGlobal
